
Microsoft Visual Studio Solution File, Format Version 12.00
Project("{FAE04EC0-301F-11D3-BF4B-00C04F79EFBC}") = "RunReplays", "RunReplays\RunReplays.csproj", "{A757E734-07BA-4DA1-A7E0-61B7DC430E7C}"
EndProject
Global
	GlobalSection(SolutionConfigurationPlatforms) = preSolution
		Debug|Any CPU = Debug|Any CPU
		Release|Any CPU = Release|Any CPU
	EndGlobalSection
	GlobalSection(ProjectConfigurationPlatforms) = postSolution
		{A757E734-07BA-4DA1-A7E0-61B7DC430E7C}.Debug|Any CPU.ActiveCfg = Debug|Any CPU
		{A757E734-07BA-4DA1-A7E0-61B7DC430E7C}.Debug|Any CPU.Build.0 = Debug|Any CPU
		{A757E734-07BA-4DA1-A7E0-61B7DC430E7C}.Release|Any CPU.ActiveCfg = Release|Any CPU
		{A757E734-07BA-4DA1-A7E0-61B7DC430E7C}.Release|Any CPU.Build.0 = Release|Any CPU
	EndGlobalSection
EndGlobal
